
Microsoft Visual Studio Solution File, Format Version 12.00
# Visual Studio Version 17
VisualStudioVersion = 17.2.32516.85
MinimumVisualStudioVersion = 10.0.40219.1
Project("{FAE04EC0-301F-11D3-BF4B-00C04F79EFBC}") = "MiniProject_RoverControlCenter", "MiniProject_RoverControlCenter\MiniProject_RoverControlCenter.csproj", "{048FDEBA-B519-476C-9CB4-B2D8CC34E61A}"
EndProject
Global
	GlobalSection(SolutionConfigurationPlatforms) = preSolution
		Debug|Any CPU = Debug|Any CPU
		Release|Any CPU = Release|Any CPU
	EndGlobalSection
	GlobalSection(ProjectConfigurationPlatforms) = postSolution
		{048FDEBA-B519-476C-9CB4-B2D8CC34E61A}.Debug|Any CPU.ActiveCfg = Debug|Any CPU
		{048FDEBA-B519-476C-9CB4-B2D8CC34E61A}.Debug|Any CPU.Build.0 = Debug|Any CPU
		{048FDEBA-B519-476C-9CB4-B2D8CC34E61A}.Release|Any CPU.ActiveCfg = Release|Any CPU
		{048FDEBA-B519-476C-9CB4-B2D8CC34E61A}.Release|Any CPU.Build.0 = Release|Any CPU
	EndGlobalSection
	GlobalSection(SolutionProperties) = preSolution
		HideSolutionNode = FALSE
	EndGlobalSection
	GlobalSection(ExtensibilityGlobals) = postSolution
		SolutionGuid = {DCE7BCEE-DCC6-4D24-BE65-36FAC919E4AB}
	EndGlobalSection
EndGlobal
